
Microsoft Visual Studio Solution File, Format Version 11.00
# Visual Studio 2010
Project("{FAE04EC0-301F-11D3-BF4B-00C04F79EFBC}") = "ApprovalTestsPlayground", "ApprovalTestsPlayground\ApprovalTestsPlayground.csproj", "{1A967456-5DA7-4930-9EF0-545FCA697879}"
EndProject
Global
	GlobalSection(SolutionConfigurationPlatforms) = preSolution
		Debug|Any CPU = Debug|Any CPU
		Release|Any CPU = Release|Any CPU
	EndGlobalSection
	GlobalSection(ProjectConfigurationPlatforms) = postSolution
		{1A967456-5DA7-4930-9EF0-545FCA697879}.Debug|Any CPU.ActiveCfg = Debug|Any CPU
		{1A967456-5DA7-4930-9EF0-545FCA697879}.Debug|Any CPU.Build.0 = Debug|Any CPU
		{1A967456-5DA7-4930-9EF0-545FCA697879}.Release|Any CPU.ActiveCfg = Release|Any CPU
		{1A967456-5DA7-4930-9EF0-545FCA697879}.Release|Any CPU.Build.0 = Release|Any CPU
	EndGlobalSection
	GlobalSection(MonoDevelopProperties) = preSolution
		StartupItem = ApprovalTestsPlayground\ApprovalTestsPlayground.csproj
	EndGlobalSection
EndGlobal
